# This file is automatically @generated by Cargo.
# It is not intended for manual editing.
[[package]]
name = "a"
version = "0.1.0"

[[package]]
name = "b"
version = "0.1.0"
dependencies = [
 "smallvec",
]

[[package]]
name = "smallvec"
version = "1.4.0"
source = "registry+https://github.com/rust-lang/crates.io-index"
checksum = "c7cb5678e1615754284ec264d9bb5b4c27d2018577fd90ac0ceb578591ed5ee4"
